
Microsoft Visual Studio Solution File, Format Version 10.00
# Visual Studio 2008
Project("{FAE04EC0-301F-11D3-BF4B-00C04F79EFBC}") = "RecordAnalyse", "RecordAnalyse\RecordAnalyse.csproj", "{F3C280F5-0DB3-48B4-A72B-2D3F57843F84}"
EndProject
Project("{FAE04EC0-301F-11D3-BF4B-00C04F79EFBC}") = "fftwlib", "fftwlib\fftwlib.csproj", "{BEA875B8-E28A-49C5-8E7E-6512DA65F7E1}"
EndProject
Project("{FAE04EC0-301F-11D3-BF4B-00C04F79EFBC}") = "DataStorage", "DataStorage\DataStorage.csproj", "{03586EBC-5040-452C-BBD9-D3A3C5C7DE04}"
EndProject
Project("{FAE04EC0-301F-11D3-BF4B-00C04F79EFBC}") = "ConfigManager", "ConfigManager\ConfigManager.csproj", "{007388A6-A5FE-4362-B2F2-6A1E40358D89}"
EndProject
Project("{FAE04EC0-301F-11D3-BF4B-00C04F79EFBC}") = "Common", "Common\Common.csproj", "{CB9A14B8-2684-4682-9D57-6FE02344225F}"
EndProject
Project("{FAE04EC0-301F-11D3-BF4B-00C04F79EFBC}") = "UltraChart", "UltraChart\UltraChart.csproj", "{69708DE3-17B0-4A3C-9AB2-D6D5F9C510FD}"
EndProject
Global
	GlobalSection(SolutionConfigurationPlatforms) = preSolution
		Debug|x86 = Debug|x86
		Release|x86 = Release|x86
	EndGlobalSection
	GlobalSection(ProjectConfigurationPlatforms) = postSolution
		{F3C280F5-0DB3-48B4-A72B-2D3F57843F84}.Debug|x86.ActiveCfg = Debug|x86
		{F3C280F5-0DB3-48B4-A72B-2D3F57843F84}.Debug|x86.Build.0 = Debug|x86
		{F3C280F5-0DB3-48B4-A72B-2D3F57843F84}.Release|x86.ActiveCfg = Release|Any CPU
		{BEA875B8-E28A-49C5-8E7E-6512DA65F7E1}.Debug|x86.ActiveCfg = Debug|x86
		{BEA875B8-E28A-49C5-8E7E-6512DA65F7E1}.Debug|x86.Build.0 = Debug|x86
		{BEA875B8-E28A-49C5-8E7E-6512DA65F7E1}.Release|x86.ActiveCfg = Release|x86
		{BEA875B8-E28A-49C5-8E7E-6512DA65F7E1}.Release|x86.Build.0 = Release|x86
		{03586EBC-5040-452C-BBD9-D3A3C5C7DE04}.Debug|x86.ActiveCfg = Debug|x86
		{03586EBC-5040-452C-BBD9-D3A3C5C7DE04}.Debug|x86.Build.0 = Debug|x86
		{03586EBC-5040-452C-BBD9-D3A3C5C7DE04}.Release|x86.ActiveCfg = Release|x86
		{03586EBC-5040-452C-BBD9-D3A3C5C7DE04}.Release|x86.Build.0 = Release|x86
		{007388A6-A5FE-4362-B2F2-6A1E40358D89}.Debug|x86.ActiveCfg = Debug|x86
		{007388A6-A5FE-4362-B2F2-6A1E40358D89}.Debug|x86.Build.0 = Debug|x86
		{007388A6-A5FE-4362-B2F2-6A1E40358D89}.Release|x86.ActiveCfg = Release|Any CPU
		{CB9A14B8-2684-4682-9D57-6FE02344225F}.Debug|x86.ActiveCfg = Debug|x86
		{CB9A14B8-2684-4682-9D57-6FE02344225F}.Debug|x86.Build.0 = Debug|x86
		{CB9A14B8-2684-4682-9D57-6FE02344225F}.Release|x86.ActiveCfg = Release|Any CPU
		{69708DE3-17B0-4A3C-9AB2-D6D5F9C510FD}.Debug|x86.ActiveCfg = Debug|x86
		{69708DE3-17B0-4A3C-9AB2-D6D5F9C510FD}.Debug|x86.Build.0 = Debug|x86
		{69708DE3-17B0-4A3C-9AB2-D6D5F9C510FD}.Release|x86.ActiveCfg = Release|x86
		{69708DE3-17B0-4A3C-9AB2-D6D5F9C510FD}.Release|x86.Build.0 = Release|x86
	EndGlobalSection
	GlobalSection(SolutionProperties) = preSolution
		HideSolutionNode = FALSE
	EndGlobalSection
EndGlobal
